
Microsoft Visual Studio Solution File, Format Version 12.00
# Visual Studio Version 17
VisualStudioVersion = 17.0.31903.59
MinimumVisualStudioVersion = 10.0.40219.1
Project("{2150E333-8FDC-42A3-9474-1A3956D46DE8}") = "src", "src", "{827E0CD3-B72D-47B6-A68D-7590B98EB39B}"
EndProject
Project("{FAE04EC0-301F-11D3-BF4B-00C04F79EFBC}") = "Library", "src\Library\Library.csproj", "{9D91FF07-0F2B-4248-8284-FEF1A74FFCEA}"
EndProject
Project("{FAE04EC0-301F-11D3-BF4B-00C04F79EFBC}") = "Program", "src\Program\Program.csproj", "{FAC7158F-2361-4CF3-AF8E-E6E18B8881DB}"
EndProject
Project("{2150E333-8FDC-42A3-9474-1A3956D46DE8}") = "test", "test", "{0C88DD14-F956-CE84-757C-A364CCF449FC}"
EndProject
Project("{FAE04EC0-301F-11D3-BF4B-00C04F79EFBC}") = "Library.Tests", "test\Library.Tests\Library.Tests.csproj", "{2937D29D-4B67-41D0-A639-28D20DBD7C3C}"
EndProject
Global
	GlobalSection(SolutionConfigurationPlatforms) = preSolution
		Debug|Any CPU = Debug|Any CPU
		Debug|x64 = Debug|x64
		Debug|x86 = Debug|x86
		Release|Any CPU = Release|Any CPU
		Release|x64 = Release|x64
		Release|x86 = Release|x86
	EndGlobalSection
	GlobalSection(ProjectConfigurationPlatforms) = postSolution
		{9D91FF07-0F2B-4248-8284-FEF1A74FFCEA}.Debug|Any CPU.ActiveCfg = Debug|Any CPU
		{9D91FF07-0F2B-4248-8284-FEF1A74FFCEA}.Debug|Any CPU.Build.0 = Debug|Any CPU
		{9D91FF07-0F2B-4248-8284-FEF1A74FFCEA}.Debug|x64.ActiveCfg = Debug|Any CPU
		{9D91FF07-0F2B-4248-8284-FEF1A74FFCEA}.Debug|x64.Build.0 = Debug|Any CPU
		{9D91FF07-0F2B-4248-8284-FEF1A74FFCEA}.Debug|x86.ActiveCfg = Debug|Any CPU
		{9D91FF07-0F2B-4248-8284-FEF1A74FFCEA}.Debug|x86.Build.0 = Debug|Any CPU
		{9D91FF07-0F2B-4248-8284-FEF1A74FFCEA}.Release|Any CPU.ActiveCfg = Release|Any CPU
		{9D91FF07-0F2B-4248-8284-FEF1A74FFCEA}.Release|Any CPU.Build.0 = Release|Any CPU
		{9D91FF07-0F2B-4248-8284-FEF1A74FFCEA}.Release|x64.ActiveCfg = Release|Any CPU
		{9D91FF07-0F2B-4248-8284-FEF1A74FFCEA}.Release|x64.Build.0 = Release|Any CPU
		{9D91FF07-0F2B-4248-8284-FEF1A74FFCEA}.Release|x86.ActiveCfg = Release|Any CPU
		{9D91FF07-0F2B-4248-8284-FEF1A74FFCEA}.Release|x86.Build.0 = Release|Any CPU
		{FAC7158F-2361-4CF3-AF8E-E6E18B8881DB}.Debug|Any CPU.ActiveCfg = Debug|Any CPU
		{FAC7158F-2361-4CF3-AF8E-E6E18B8881DB}.Debug|Any CPU.Build.0 = Debug|Any CPU
		{FAC7158F-2361-4CF3-AF8E-E6E18B8881DB}.Debug|x64.ActiveCfg = Debug|Any CPU
		{FAC7158F-2361-4CF3-AF8E-E6E18B8881DB}.Debug|x64.Build.0 = Debug|Any CPU
		{FAC7158F-2361-4CF3-AF8E-E6E18B8881DB}.Debug|x86.ActiveCfg = Debug|Any CPU
		{FAC7158F-2361-4CF3-AF8E-E6E18B8881DB}.Debug|x86.Build.0 = Debug|Any CPU
		{FAC7158F-2361-4CF3-AF8E-E6E18B8881DB}.Release|Any CPU.ActiveCfg = Release|Any CPU
		{FAC7158F-2361-4CF3-AF8E-E6E18B8881DB}.Release|Any CPU.Build.0 = Release|Any CPU
		{FAC7158F-2361-4CF3-AF8E-E6E18B8881DB}.Release|x64.ActiveCfg = Release|Any CPU
		{FAC7158F-2361-4CF3-AF8E-E6E18B8881DB}.Release|x64.Build.0 = Release|Any CPU
		{FAC7158F-2361-4CF3-AF8E-E6E18B8881DB}.Release|x86.ActiveCfg = Release|Any CPU
		{FAC7158F-2361-4CF3-AF8E-E6E18B8881DB}.Release|x86.Build.0 = Release|Any CPU
		{2937D29D-4B67-41D0-A639-28D20DBD7C3C}.Debug|Any CPU.ActiveCfg = Debug|Any CPU
		{2937D29D-4B67-41D0-A639-28D20DBD7C3C}.Debug|Any CPU.Build.0 = Debug|Any CPU
		{2937D29D-4B67-41D0-A639-28D20DBD7C3C}.Debug|x64.ActiveCfg = Debug|Any CPU
		{2937D29D-4B67-41D0-A639-28D20DBD7C3C}.Debug|x64.Build.0 = Debug|Any CPU
		{2937D29D-4B67-41D0-A639-28D20DBD7C3C}.Debug|x86.ActiveCfg = Debug|Any CPU
		{2937D29D-4B67-41D0-A639-28D20DBD7C3C}.Debug|x86.Build.0 = Debug|Any CPU
		{2937D29D-4B67-41D0-A639-28D20DBD7C3C}.Release|Any CPU.ActiveCfg = Release|Any CPU
		{2937D29D-4B67-41D0-A639-28D20DBD7C3C}.Release|Any CPU.Build.0 = Release|Any CPU
		{2937D29D-4B67-41D0-A639-28D20DBD7C3C}.Release|x64.ActiveCfg = Release|Any CPU
		{2937D29D-4B67-41D0-A639-28D20DBD7C3C}.Release|x64.Build.0 = Release|Any CPU
		{2937D29D-4B67-41D0-A639-28D20DBD7C3C}.Release|x86.ActiveCfg = Release|Any CPU
		{2937D29D-4B67-41D0-A639-28D20DBD7C3C}.Release|x86.Build.0 = Release|Any CPU
	EndGlobalSection
	GlobalSection(SolutionProperties) = preSolution
		HideSolutionNode = FALSE
	EndGlobalSection
	GlobalSection(NestedProjects) = preSolution
		{9D91FF07-0F2B-4248-8284-FEF1A74FFCEA} = {827E0CD3-B72D-47B6-A68D-7590B98EB39B}
		{FAC7158F-2361-4CF3-AF8E-E6E18B8881DB} = {827E0CD3-B72D-47B6-A68D-7590B98EB39B}
		{2937D29D-4B67-41D0-A639-28D20DBD7C3C} = {0C88DD14-F956-CE84-757C-A364CCF449FC}
	EndGlobalSection
EndGlobal
